symfony v2.0.10
twig v1.6.0
monolog 1.0.2
doctrine-common 2.1.4
doctrine-dbal 2.1.6
doctrine 2.1.6
swiftmailer v4.1.5
assetic v1.0.2
twig-extensions 1dfff8e793f50f651c4f74f796c2c68a4aee3147
metadata 1.0.0
SensioFrameworkExtraBundle 638f545b7020b9e9d5944a7e3167f60ed848250d
JMSSecurityExtraBundle 541a4c242328dc04b99540c75346cc74a7c0cfb5
SensioDistributionBundle 20b66a408084ad8752f98e50f10533f5245310bf
SensioGeneratorBundle dd37fc4487bc09ac01bdcf89e0ff4ee4484b7fab
AsseticBundle v1.0.1


UserBundle 39ace1e1ce6eaecacd27830c9b040129da5e32b7
FOSJsRoutingBundle bc61ffe5c4186a8ac206a8c68de221bc48e8a436
DoctrineExtensionsBundle 1.0.1~1
gedmo-doctrine-extensions f693cf408dfa85e69809aaf26bbc123bdeb32da3
doctrine-migrations 9e81984b0f126b0830d9ac6acc2d1da81aba2b94
DoctrineMigrationsBundle dd9a336c574301b0b6a7e82a0865cab3d4d95503
doctrine-fixtures bed8908ae929562317e5c59dc0bee24f3b63067e
DoctrineFixturesBundle a66be2f077f3a4e5c3801b356b42b8782f1abbd6
vfsStream v1.0.0-beta1~1