symfony v2.0.12
twig v1.6.2
monolog 1.0.2
doctrine-common 2.1.4
doctrine-dbal 2.1.6
doctrine 2.1.6
swiftmailer v4.1.5
assetic v1.0.3
twig-extensions 1dfff8e793f50f651c4f74f796c2c68a4aee3147
metadata 1.0.0
SensioFrameworkExtraBundle 638f545b7020b9e9d5944a7e3167f60ed848250d
JMSSecurityExtraBundle 541a4c242328dc04b99540c75346cc74a7c0cfb5
SensioDistributionBundle 20b66a408084ad8752f98e50f10533f5245310bf
SensioGeneratorBundle b1ccb78c1743f30817b0fce9bb5c6baff6ed7bf8
AsseticBundle v1.0.1


UserBundle a0e50724825fd73531a563f514168d8536b9187e
FOSJsRoutingBundle bc61ffe5c4186a8ac206a8c68de221bc48e8a436
DoctrineExtensionsBundle 5290b35a4ba70f1c578230b5165075a26fa3bc11
gedmo-doctrine-extensions fdb2b88aa0e101e884b938e15ac9c14bf3e77699
doctrine-migrations 9e81984b0f126b0830d9ac6acc2d1da81aba2b94
DoctrineMigrationsBundle dd9a336c574301b0b6a7e82a0865cab3d4d95503
doctrine-fixtures aea0b95a554188892f10d8f09ce3ae8150f28f8b
DoctrineFixturesBundle a66be2f077f3a4e5c3801b356b42b8782f1abbd6
vfsStream v1.0.0-beta2