symfony 7cb402d806a9615cf8bcafcfd049da00914b45f8
twig 396435ecd05556adb0a8bd05b14641cb4f8a8aa5
monolog 303b8a83c87d5c6d749926cf02620465a5dcd0f2
doctrine-common 174111c8d245d560e1af4c7455b730347f85686d
doctrine-dbal 54f474b3c321676ceadbe4288396902405d87756
doctrine 05d12e20be58ab4d5fa403c5bd6ac06d1fce97e5
swiftmailer 1f273a7cd466a2dd82e59431dd5ce15f36996688
assetic 3333d371c4511abcdec7bad86e15ac2be3b10f03
twig-extensions eba4f5d572bec05c72a47bbd73ba0a3330cf8f54
metadata 8717ad2a5689480765d9ffafe925cd8a2457e582
SensioFrameworkExtraBundle 9b9194a47effc66b08d44ae110b982352119ca17
JMSSecurityExtraBundle facedd50988b311f778288ea3b5e070591936f30
SensioDistributionBundle 029151792beac272548fe9df183e15b9be521870
SensioGeneratorBundle 52038c005d565a1bd4986dcdef207ed9f1246b32
AsseticBundle 9c1b7269a4517d1ae94af2dc0d6d6fc4b31e6c10


UserBundle 75c580d4f29f4d60cd9f2a114ba6ac7f67c1bc12
DoctrineExtensionsBundle a82ae9a667dc95aa64865512566aeac9cbe515c1
gedmo-doctrine-extensions 4e5ad66173b4739fc9b2976eedabbf402284fd3a
doctrine-migrations f87afe9223dbfecaaddb5927eae61392b11b58cd
DoctrineMigrationsBundle dd9a336c574301b0b6a7e82a0865cab3d4d95503
doctrine-fixtures 4a8464ef83093de2378cef2770e13da7e4858ffc
DoctrineFixturesBundle 275e33be3ed4aa76afc21ff0aa5517b0e4795ba1
vfsStream 4f8ac93cac1c73760e960e8516deb6b389654980