{
  "name": "claroline",
  "version": "1.0.0",
  "dependencies": {
    "@types/react": {
      "version": "16.0.5",
      "from": "@types/react@>=15.0.0",
      "resolved": "https://registry.npmjs.org/@types/react/-/react-16.0.5.tgz"
    },
    "angular": {
      "version": "1.6.6",
      "from": "angular@>=1.0.8",
      "resolved": "https://registry.npmjs.org/angular/-/angular-1.6.6.tgz"
    },
    "ansi-regex": {
      "version": "2.1.1",
      "from": "ansi-regex@>=2.0.0 <3.0.0",
      "resolved": "https://registry.npmjs.org/ansi-regex/-/ansi-regex-2.1.1.tgz"
    },
    "argparse": {
      "version": "0.1.16",
      "from": "argparse@>=0.1.15 <0.2.0",
      "resolved": "https://registry.npmjs.org/argparse/-/argparse-0.1.16.tgz"
    },
    "asap": {
      "version": "2.0.6",
      "from": "asap@>=2.0.3 <2.1.0",
      "resolved": "https://registry.npmjs.org/asap/-/asap-2.0.6.tgz"
    },
    "atoa": {
      "version": "1.0.0",
      "from": "atoa@1.0.0",
      "resolved": "https://registry.npmjs.org/atoa/-/atoa-1.0.0.tgz"
    },
    "autolinker": {
      "version": "0.15.3",
      "from": "autolinker@>=0.15.0 <0.16.0",
      "resolved": "https://registry.npmjs.org/autolinker/-/autolinker-0.15.3.tgz"
    },
    "babel-runtime": {
      "version": "6.26.0",
      "from": "babel-runtime@>=6.11.6 <7.0.0",
      "resolved": "https://registry.npmjs.org/babel-runtime/-/babel-runtime-6.26.0.tgz"
    },
    "builtin-modules": {
      "version": "1.1.1",
      "from": "builtin-modules@>=1.0.0 <2.0.0",
      "resolved": "https://registry.npmjs.org/builtin-modules/-/builtin-modules-1.1.1.tgz"
    },
    "camelcase": {
      "version": "3.0.0",
      "from": "camelcase@>=3.0.0 <4.0.0",
      "resolved": "https://registry.npmjs.org/camelcase/-/camelcase-3.0.0.tgz"
    },
    "checklist-model": {
      "version": "0.10.0",
      "from": "checklist-model@>=0.10.0 <0.11.0",
      "resolved": "https://registry.npmjs.org/checklist-model/-/checklist-model-0.10.0.tgz"
    },
    "claroline-distribution": {
      "version": "1.0.0",
      "from": "vendor\\claroline\\distribution",
      "resolved": "file:vendor\\claroline\\distribution"
    },
    "classnames": {
      "version": "2.2.5",
      "from": "classnames@>=2.2.5 <3.0.0",
      "resolved": "https://registry.npmjs.org/classnames/-/classnames-2.2.5.tgz"
    },
    "cliui": {
      "version": "3.2.0",
      "from": "cliui@>=3.2.0 <4.0.0",
      "resolved": "https://registry.npmjs.org/cliui/-/cliui-3.2.0.tgz"
    },
    "code-point-at": {
      "version": "1.1.0",
      "from": "code-point-at@>=1.0.0 <2.0.0",
      "resolved": "https://registry.npmjs.org/code-point-at/-/code-point-at-1.1.0.tgz"
    },
    "commander": {
      "version": "2.11.0",
      "from": "commander@>=2.0.0 <3.0.0",
      "resolved": "https://registry.npmjs.org/commander/-/commander-2.11.0.tgz"
    },
    "contra": {
      "version": "1.9.4",
      "from": "contra@1.9.4",
      "resolved": "https://registry.npmjs.org/contra/-/contra-1.9.4.tgz"
    },
    "core-js": {
      "version": "2.5.1",
      "from": "core-js@>=2.4.1 <3.0.0",
      "resolved": "https://registry.npmjs.org/core-js/-/core-js-2.5.1.tgz"
    },
    "create-react-class": {
      "version": "15.6.0",
      "from": "create-react-class@>=15.6.0 <16.0.0",
      "resolved": "https://registry.npmjs.org/create-react-class/-/create-react-class-15.6.0.tgz"
    },
    "crossvent": {
      "version": "1.5.4",
      "from": "crossvent@1.5.4",
      "resolved": "https://registry.npmjs.org/crossvent/-/crossvent-1.5.4.tgz"
    },
    "crypto-js": {
      "version": "3.1.9-1",
      "from": "crypto-js@>=3.1.9-1 <4.0.0",
      "resolved": "https://registry.npmjs.org/crypto-js/-/crypto-js-3.1.9-1.tgz"
    },
    "custom-event": {
      "version": "1.0.0",
      "from": "custom-event@1.0.0",
      "resolved": "https://registry.npmjs.org/custom-event/-/custom-event-1.0.0.tgz"
    },
    "d3": {
      "version": "4.10.2",
      "from": "d3@>=4.4.0 <5.0.0",
      "resolved": "https://registry.npmjs.org/d3/-/d3-4.10.2.tgz"
    },
    "d3-array": {
      "version": "1.2.0",
      "from": "d3-array@1.2.0",
      "resolved": "https://registry.npmjs.org/d3-array/-/d3-array-1.2.0.tgz"
    },
    "d3-axis": {
      "version": "1.0.8",
      "from": "d3-axis@1.0.8",
      "resolved": "https://registry.npmjs.org/d3-axis/-/d3-axis-1.0.8.tgz"
    },
    "d3-brush": {
      "version": "1.0.4",
      "from": "d3-brush@1.0.4",
      "resolved": "https://registry.npmjs.org/d3-brush/-/d3-brush-1.0.4.tgz"
    },
    "d3-chord": {
      "version": "1.0.4",
      "from": "d3-chord@1.0.4",
      "resolved": "https://registry.npmjs.org/d3-chord/-/d3-chord-1.0.4.tgz"
    },
    "d3-collection": {
      "version": "1.0.4",
      "from": "d3-collection@1.0.4",
      "resolved": "https://registry.npmjs.org/d3-collection/-/d3-collection-1.0.4.tgz"
    },
    "d3-color": {
      "version": "1.0.3",
      "from": "d3-color@1.0.3",
      "resolved": "https://registry.npmjs.org/d3-color/-/d3-color-1.0.3.tgz"
    },
    "d3-dispatch": {
      "version": "1.0.3",
      "from": "d3-dispatch@1.0.3",
      "resolved": "https://registry.npmjs.org/d3-dispatch/-/d3-dispatch-1.0.3.tgz"
    },
    "d3-drag": {
      "version": "1.1.1",
      "from": "d3-drag@1.1.1",
      "resolved": "https://registry.npmjs.org/d3-drag/-/d3-drag-1.1.1.tgz"
    },
    "d3-dsv": {
      "version": "1.0.7",
      "from": "d3-dsv@1.0.7",
      "resolved": "https://registry.npmjs.org/d3-dsv/-/d3-dsv-1.0.7.tgz"
    },
    "d3-ease": {
      "version": "1.0.3",
      "from": "d3-ease@1.0.3",
      "resolved": "https://registry.npmjs.org/d3-ease/-/d3-ease-1.0.3.tgz"
    },
    "d3-force": {
      "version": "1.0.6",
      "from": "d3-force@1.0.6",
      "resolved": "https://registry.npmjs.org/d3-force/-/d3-force-1.0.6.tgz"
    },
    "d3-format": {
      "version": "1.2.0",
      "from": "d3-format@1.2.0",
      "resolved": "https://registry.npmjs.org/d3-format/-/d3-format-1.2.0.tgz"
    },
    "d3-geo": {
      "version": "1.6.4",
      "from": "d3-geo@1.6.4",
      "resolved": "https://registry.npmjs.org/d3-geo/-/d3-geo-1.6.4.tgz"
    },
    "d3-hierarchy": {
      "version": "1.1.5",
      "from": "d3-hierarchy@1.1.5",
      "resolved": "https://registry.npmjs.org/d3-hierarchy/-/d3-hierarchy-1.1.5.tgz"
    },
    "d3-interpolate": {
      "version": "1.1.5",
      "from": "d3-interpolate@1.1.5",
      "resolved": "https://registry.npmjs.org/d3-interpolate/-/d3-interpolate-1.1.5.tgz"
    },
    "d3-path": {
      "version": "1.0.5",
      "from": "d3-path@1.0.5",
      "resolved": "https://registry.npmjs.org/d3-path/-/d3-path-1.0.5.tgz"
    },
    "d3-polygon": {
      "version": "1.0.3",
      "from": "d3-polygon@1.0.3",
      "resolved": "https://registry.npmjs.org/d3-polygon/-/d3-polygon-1.0.3.tgz"
    },
    "d3-quadtree": {
      "version": "1.0.3",
      "from": "d3-quadtree@1.0.3",
      "resolved": "https://registry.npmjs.org/d3-quadtree/-/d3-quadtree-1.0.3.tgz"
    },
    "d3-queue": {
      "version": "3.0.7",
      "from": "d3-queue@3.0.7",
      "resolved": "https://registry.npmjs.org/d3-queue/-/d3-queue-3.0.7.tgz"
    },
    "d3-random": {
      "version": "1.1.0",
      "from": "d3-random@1.1.0",
      "resolved": "https://registry.npmjs.org/d3-random/-/d3-random-1.1.0.tgz"
    },
    "d3-request": {
      "version": "1.0.6",
      "from": "d3-request@1.0.6",
      "resolved": "https://registry.npmjs.org/d3-request/-/d3-request-1.0.6.tgz"
    },
    "d3-scale": {
      "version": "1.0.6",
      "from": "d3-scale@1.0.6",
      "resolved": "https://registry.npmjs.org/d3-scale/-/d3-scale-1.0.6.tgz"
    },
    "d3-selection": {
      "version": "1.1.0",
      "from": "d3-selection@1.1.0",
      "resolved": "https://registry.npmjs.org/d3-selection/-/d3-selection-1.1.0.tgz"
    },
    "d3-shape": {
      "version": "1.2.0",
      "from": "d3-shape@1.2.0",
      "resolved": "https://registry.npmjs.org/d3-shape/-/d3-shape-1.2.0.tgz"
    },
    "d3-time": {
      "version": "1.0.7",
      "from": "d3-time@1.0.7",
      "resolved": "https://registry.npmjs.org/d3-time/-/d3-time-1.0.7.tgz"
    },
    "d3-time-format": {
      "version": "2.0.5",
      "from": "d3-time-format@2.0.5",
      "resolved": "https://registry.npmjs.org/d3-time-format/-/d3-time-format-2.0.5.tgz"
    },
    "d3-timer": {
      "version": "1.0.7",
      "from": "d3-timer@1.0.7",
      "resolved": "https://registry.npmjs.org/d3-timer/-/d3-timer-1.0.7.tgz"
    },
    "d3-transition": {
      "version": "1.1.0",
      "from": "d3-transition@1.1.0",
      "resolved": "https://registry.npmjs.org/d3-transition/-/d3-transition-1.1.0.tgz"
    },
    "d3-voronoi": {
      "version": "1.1.2",
      "from": "d3-voronoi@1.1.2",
      "resolved": "https://registry.npmjs.org/d3-voronoi/-/d3-voronoi-1.1.2.tgz"
    },
    "d3-zoom": {
      "version": "1.5.0",
      "from": "d3-zoom@1.5.0",
      "resolved": "https://registry.npmjs.org/d3-zoom/-/d3-zoom-1.5.0.tgz"
    },
    "decamelize": {
      "version": "1.2.0",
      "from": "decamelize@>=1.1.1 <2.0.0",
      "resolved": "https://registry.npmjs.org/decamelize/-/decamelize-1.2.0.tgz"
    },
    "disposables": {
      "version": "1.0.1",
      "from": "disposables@>=1.0.1 <2.0.0",
      "resolved": "https://registry.npmjs.org/disposables/-/disposables-1.0.1.tgz"
    },
    "dnd-core": {
      "version": "2.5.1",
      "from": "dnd-core@>=2.5.1 <3.0.0",
      "resolved": "https://registry.npmjs.org/dnd-core/-/dnd-core-2.5.1.tgz"
    },
    "doctrine": {
      "version": "1.2.3",
      "from": "doctrine@1.2.3",
      "resolved": "https://registry.npmjs.org/doctrine/-/doctrine-1.2.3.tgz"
    },
    "dom-helpers": {
      "version": "3.2.1",
      "from": "dom-helpers@>=3.2.0 <4.0.0",
      "resolved": "https://registry.npmjs.org/dom-helpers/-/dom-helpers-3.2.1.tgz"
    },
    "dragula": {
      "version": "3.7.2",
      "from": "dragula@>=3.7.1 <4.0.0",
      "resolved": "https://registry.npmjs.org/dragula/-/dragula-3.7.2.tgz"
    },
    "encoding": {
      "version": "0.1.12",
      "from": "encoding@>=0.1.11 <0.2.0",
      "resolved": "https://registry.npmjs.org/encoding/-/encoding-0.1.12.tgz"
    },
    "error-ex": {
      "version": "1.3.1",
      "from": "error-ex@>=1.2.0 <2.0.0",
      "resolved": "https://registry.npmjs.org/error-ex/-/error-ex-1.3.1.tgz"
    },
    "esutils": {
      "version": "2.0.2",
      "from": "esutils@>=2.0.2 <3.0.0",
      "resolved": "https://registry.npmjs.org/esutils/-/esutils-2.0.2.tgz"
    },
    "fbjs": {
      "version": "0.8.14",
      "from": "fbjs@>=0.8.9 <0.9.0",
      "resolved": "https://registry.npmjs.org/fbjs/-/fbjs-0.8.14.tgz",
      "dependencies": {
        "core-js": {
          "version": "1.2.7",
          "from": "core-js@>=1.0.0 <2.0.0",
          "resolved": "https://registry.npmjs.org/core-js/-/core-js-1.2.7.tgz"
        }
      }
    },
    "file": {
      "version": "0.2.2",
      "from": "file@0.2.2",
      "resolved": "https://registry.npmjs.org/file/-/file-0.2.2.tgz"
    },
    "find-parent-dir": {
      "version": "0.3.0",
      "from": "find-parent-dir@0.3.0",
      "resolved": "https://registry.npmjs.org/find-parent-dir/-/find-parent-dir-0.3.0.tgz"
    },
    "find-up": {
      "version": "1.1.2",
      "from": "find-up@>=1.0.0 <2.0.0",
      "resolved": "https://registry.npmjs.org/find-up/-/find-up-1.1.2.tgz"
    },
    "get-caller-file": {
      "version": "1.0.2",
      "from": "get-caller-file@>=1.0.1 <2.0.0",
      "resolved": "https://registry.npmjs.org/get-caller-file/-/get-caller-file-1.0.2.tgz"
    },
    "graceful-fs": {
      "version": "4.1.11",
      "from": "graceful-fs@>=4.1.2 <5.0.0",
      "resolved": "https://registry.npmjs.org/graceful-fs/-/graceful-fs-4.1.11.tgz"
    },
    "history": {
      "version": "4.7.2",
      "from": "history@>=4.7.2 <5.0.0",
      "resolved": "https://registry.npmjs.org/history/-/history-4.7.2.tgz"
    },
    "hoist-non-react-statics": {
      "version": "2.3.1",
      "from": "hoist-non-react-statics@>=2.1.0 <3.0.0",
      "resolved": "https://registry.npmjs.org/hoist-non-react-statics/-/hoist-non-react-statics-2.3.1.tgz"
    },
    "hosted-git-info": {
      "version": "2.5.0",
      "from": "hosted-git-info@>=2.1.4 <3.0.0",
      "resolved": "https://registry.npmjs.org/hosted-git-info/-/hosted-git-info-2.5.0.tgz"
    },
    "iconv-lite": {
      "version": "0.4.18",
      "from": "iconv-lite@>=0.4.0 <0.5.0",
      "resolved": "https://registry.npmjs.org/iconv-lite/-/iconv-lite-0.4.18.tgz"
    },
    "immutability-helper": {
      "version": "2.3.1",
      "from": "immutability-helper@>=2.0.0 <3.0.0",
      "resolved": "https://registry.npmjs.org/immutability-helper/-/immutability-helper-2.3.1.tgz"
    },
    "invariant": {
      "version": "2.2.2",
      "from": "invariant@>=2.2.1 <3.0.0",
      "resolved": "https://registry.npmjs.org/invariant/-/invariant-2.2.2.tgz"
    },
    "invert-kv": {
      "version": "1.0.0",
      "from": "invert-kv@>=1.0.0 <2.0.0",
      "resolved": "https://registry.npmjs.org/invert-kv/-/invert-kv-1.0.0.tgz"
    },
    "is-arrayish": {
      "version": "0.2.1",
      "from": "is-arrayish@>=0.2.1 <0.3.0",
      "resolved": "https://registry.npmjs.org/is-arrayish/-/is-arrayish-0.2.1.tgz"
    },
    "is-builtin-module": {
      "version": "1.0.0",
      "from": "is-builtin-module@>=1.0.0 <2.0.0",
      "resolved": "https://registry.npmjs.org/is-builtin-module/-/is-builtin-module-1.0.0.tgz"
    },
    "is-fullwidth-code-point": {
      "version": "1.0.0",
      "from": "is-fullwidth-code-point@>=1.0.0 <2.0.0",
      "resolved": "https://registry.npmjs.org/is-fullwidth-code-point/-/is-fullwidth-code-point-1.0.0.tgz"
    },
    "is-stream": {
      "version": "1.1.0",
      "from": "is-stream@>=1.0.1 <2.0.0",
      "resolved": "https://registry.npmjs.org/is-stream/-/is-stream-1.1.0.tgz"
    },
    "is-utf8": {
      "version": "0.2.1",
      "from": "is-utf8@>=0.2.0 <0.3.0",
      "resolved": "https://registry.npmjs.org/is-utf8/-/is-utf8-0.2.1.tgz"
    },
    "isarray": {
      "version": "1.0.0",
      "from": "isarray@>=1.0.0 <2.0.0",
      "resolved": "https://registry.npmjs.org/isarray/-/isarray-1.0.0.tgz"
    },
    "isomorphic-fetch": {
      "version": "2.2.1",
      "from": "isomorphic-fetch@>=2.1.1 <3.0.0",
      "resolved": "https://registry.npmjs.org/isomorphic-fetch/-/isomorphic-fetch-2.2.1.tgz"
    },
    "js-tokens": {
      "version": "3.0.2",
      "from": "js-tokens@>=3.0.0 <4.0.0",
      "resolved": "https://registry.npmjs.org/js-tokens/-/js-tokens-3.0.2.tgz"
    },
    "keycode": {
      "version": "2.1.9",
      "from": "keycode@>=2.1.2 <3.0.0",
      "resolved": "https://registry.npmjs.org/keycode/-/keycode-2.1.9.tgz"
    },
    "lcid": {
      "version": "1.0.0",
      "from": "lcid@>=1.0.0 <2.0.0",
      "resolved": "https://registry.npmjs.org/lcid/-/lcid-1.0.0.tgz"
    },
    "load-json-file": {
      "version": "1.1.0",
      "from": "load-json-file@>=1.0.0 <2.0.0",
      "resolved": "https://registry.npmjs.org/load-json-file/-/load-json-file-1.1.0.tgz"
    },
    "lodash": {
      "version": "4.17.4",
      "from": "lodash@>=4.16.1 <5.0.0",
      "resolved": "https://registry.npmjs.org/lodash/-/lodash-4.17.4.tgz"
    },
    "lodash-es": {
      "version": "4.17.4",
      "from": "lodash-es@>=4.2.1 <5.0.0",
      "resolved": "https://registry.npmjs.org/lodash-es/-/lodash-es-4.17.4.tgz"
    },
    "loose-envify": {
      "version": "1.3.1",
      "from": "loose-envify@>=1.0.0 <2.0.0",
      "resolved": "https://registry.npmjs.org/loose-envify/-/loose-envify-1.3.1.tgz"
    },
    "material-colors": {
      "version": "1.2.5",
      "from": "material-colors@>=1.2.1 <2.0.0",
      "resolved": "https://registry.npmjs.org/material-colors/-/material-colors-1.2.5.tgz"
    },
    "minimist": {
      "version": "0.0.8",
      "from": "minimist@0.0.8",
      "resolved": "https://registry.npmjs.org/minimist/-/minimist-0.0.8.tgz"
    },
    "mkdirp": {
      "version": "0.5.1",
      "from": "mkdirp@0.5.1",
      "resolved": "https://registry.npmjs.org/mkdirp/-/mkdirp-0.5.1.tgz"
    },
    "modernizr": {
      "version": "3.5.0",
      "from": "modernizr@>=3.3.1 <4.0.0",
      "resolved": "https://registry.npmjs.org/modernizr/-/modernizr-3.5.0.tgz"
    },
    "moment": {
      "version": "2.18.1",
      "from": "moment@>=2.15.1 <3.0.0",
      "resolved": "https://registry.npmjs.org/moment/-/moment-2.18.1.tgz"
    },
    "node-fetch": {
      "version": "1.7.2",
      "from": "node-fetch@>=1.0.1 <2.0.0",
      "resolved": "https://registry.npmjs.org/node-fetch/-/node-fetch-1.7.2.tgz"
    },
    "normalize-package-data": {
      "version": "2.4.0",
      "from": "normalize-package-data@>=2.3.2 <3.0.0",
      "resolved": "https://registry.npmjs.org/normalize-package-data/-/normalize-package-data-2.4.0.tgz"
    },
    "number-is-nan": {
      "version": "1.0.1",
      "from": "number-is-nan@>=1.0.0 <2.0.0",
      "resolved": "https://registry.npmjs.org/number-is-nan/-/number-is-nan-1.0.1.tgz"
    },
    "object-assign": {
      "version": "4.1.1",
      "from": "object-assign@>=4.1.0 <5.0.0",
      "resolved": "https://registry.npmjs.org/object-assign/-/object-assign-4.1.1.tgz"
    },
    "os-locale": {
      "version": "1.4.0",
      "from": "os-locale@>=1.4.0 <2.0.0",
      "resolved": "https://registry.npmjs.org/os-locale/-/os-locale-1.4.0.tgz"
    },
    "parse-json": {
      "version": "2.2.0",
      "from": "parse-json@>=2.2.0 <3.0.0",
      "resolved": "https://registry.npmjs.org/parse-json/-/parse-json-2.2.0.tgz"
    },
    "path-exists": {
      "version": "2.1.0",
      "from": "path-exists@>=2.0.0 <3.0.0",
      "resolved": "https://registry.npmjs.org/path-exists/-/path-exists-2.1.0.tgz"
    },
    "path-to-regexp": {
      "version": "1.7.0",
      "from": "path-to-regexp@>=1.7.0 <2.0.0",
      "resolved": "https://registry.npmjs.org/path-to-regexp/-/path-to-regexp-1.7.0.tgz",
      "dependencies": {
        "isarray": {
          "version": "0.0.1",
          "from": "isarray@0.0.1",
          "resolved": "https://registry.npmjs.org/isarray/-/isarray-0.0.1.tgz"
        }
      }
    },
    "path-type": {
      "version": "1.1.0",
      "from": "path-type@>=1.0.0 <2.0.0",
      "resolved": "https://registry.npmjs.org/path-type/-/path-type-1.1.0.tgz"
    },
    "pify": {
      "version": "2.3.0",
      "from": "pify@>=2.0.0 <3.0.0",
      "resolved": "https://registry.npmjs.org/pify/-/pify-2.3.0.tgz"
    },
    "pinkie": {
      "version": "2.0.4",
      "from": "pinkie@>=2.0.0 <3.0.0",
      "resolved": "https://registry.npmjs.org/pinkie/-/pinkie-2.0.4.tgz"
    },
    "pinkie-promise": {
      "version": "2.0.1",
      "from": "pinkie-promise@>=2.0.0 <3.0.0",
      "resolved": "https://registry.npmjs.org/pinkie-promise/-/pinkie-promise-2.0.1.tgz"
    },
    "promise": {
      "version": "7.3.1",
      "from": "promise@>=7.1.1 <8.0.0",
      "resolved": "https://registry.npmjs.org/promise/-/promise-7.3.1.tgz"
    },
    "prop-types": {
      "version": "15.5.10",
      "from": "prop-types@>=15.5.10 <16.0.0",
      "resolved": "https://registry.npmjs.org/prop-types/-/prop-types-15.5.10.tgz"
    },
    "prop-types-extra": {
      "version": "1.0.1",
      "from": "prop-types-extra@>=1.0.1 <2.0.0",
      "resolved": "https://registry.npmjs.org/prop-types-extra/-/prop-types-extra-1.0.1.tgz"
    },
    "react": {
      "version": "15.6.1",
      "from": "react@>=15.6.1 <16.0.0",
      "resolved": "https://registry.npmjs.org/react/-/react-15.6.1.tgz"
    },
    "react-bootstrap": {
      "version": "0.31.2",
      "from": "react-bootstrap@>=0.31.2 <0.32.0",
      "resolved": "https://registry.npmjs.org/react-bootstrap/-/react-bootstrap-0.31.2.tgz"
    },
    "react-color": {
      "version": "2.13.5",
      "from": "react-color@>=2.13.5 <3.0.0",
      "resolved": "https://registry.npmjs.org/react-color/-/react-color-2.13.5.tgz"
    },
    "react-datepicker": {
      "version": "0.29.0",
      "from": "react-datepicker@>=0.29.0 <0.30.0",
      "resolved": "https://registry.npmjs.org/react-datepicker/-/react-datepicker-0.29.0.tgz"
    },
    "react-datetime": {
      "version": "2.10.1",
      "from": "react-datetime@>=2.8.10 <3.0.0",
      "resolved": "https://registry.npmjs.org/react-datetime/-/react-datetime-2.10.1.tgz",
      "dependencies": {
        "object-assign": {
          "version": "3.0.0",
          "from": "object-assign@>=3.0.0 <4.0.0",
          "resolved": "https://registry.npmjs.org/object-assign/-/object-assign-3.0.0.tgz"
        },
        "react-onclickoutside": {
          "version": "5.11.1",
          "from": "react-onclickoutside@>=5.9.0 <6.0.0",
          "resolved": "https://registry.npmjs.org/react-onclickoutside/-/react-onclickoutside-5.11.1.tgz"
        }
      }
    },
    "react-dnd": {
      "version": "2.5.1",
      "from": "react-dnd@>=2.1.4 <3.0.0",
      "resolved": "https://registry.npmjs.org/react-dnd/-/react-dnd-2.5.1.tgz"
    },
    "react-dnd-touch-backend": {
      "version": "0.3.14",
      "from": "react-dnd-touch-backend@>=0.3.6 <0.4.0",
      "resolved": "https://registry.npmjs.org/react-dnd-touch-backend/-/react-dnd-touch-backend-0.3.14.tgz"
    },
    "react-dom": {
      "version": "15.6.1",
      "from": "react-dom@>=15.6.1 <16.0.0",
      "resolved": "https://registry.npmjs.org/react-dom/-/react-dom-15.6.1.tgz"
    },
    "react-onclickoutside": {
      "version": "4.9.0",
      "from": "react-onclickoutside@>=4.8.0 <5.0.0",
      "resolved": "https://registry.npmjs.org/react-onclickoutside/-/react-onclickoutside-4.9.0.tgz"
    },
    "react-overlays": {
      "version": "0.7.0",
      "from": "react-overlays@>=0.7.0 <0.8.0",
      "resolved": "https://registry.npmjs.org/react-overlays/-/react-overlays-0.7.0.tgz"
    },
    "react-prop-types": {
      "version": "0.4.0",
      "from": "react-prop-types@>=0.4.0 <0.5.0",
      "resolved": "https://registry.npmjs.org/react-prop-types/-/react-prop-types-0.4.0.tgz"
    },
    "react-redux": {
      "version": "4.4.8",
      "from": "react-redux@>=4.4.5 <5.0.0",
      "resolved": "https://registry.npmjs.org/react-redux/-/react-redux-4.4.8.tgz",
      "dependencies": {
        "hoist-non-react-statics": {
          "version": "1.2.0",
          "from": "hoist-non-react-statics@>=1.0.3 <2.0.0",
          "resolved": "https://registry.npmjs.org/hoist-non-react-statics/-/hoist-non-react-statics-1.2.0.tgz"
        }
      }
    },
    "react-router": {
      "version": "4.2.0",
      "from": "react-router@>=4.2.0 <5.0.0",
      "resolved": "https://registry.npmjs.org/react-router/-/react-router-4.2.0.tgz"
    },
    "react-router-dom": {
      "version": "4.2.2",
      "from": "react-router-dom@>=4.1.1 <5.0.0",
      "resolved": "https://registry.npmjs.org/react-router-dom/-/react-router-dom-4.2.2.tgz"
    },
    "reactcss": {
      "version": "1.2.2",
      "from": "reactcss@>=1.2.0 <2.0.0",
      "resolved": "https://registry.npmjs.org/reactcss/-/reactcss-1.2.2.tgz"
    },
    "read-pkg": {
      "version": "1.1.0",
      "from": "read-pkg@>=1.0.0 <2.0.0",
      "resolved": "https://registry.npmjs.org/read-pkg/-/read-pkg-1.1.0.tgz"
    },
    "read-pkg-up": {
      "version": "1.0.1",
      "from": "read-pkg-up@>=1.0.1 <2.0.0",
      "resolved": "https://registry.npmjs.org/read-pkg-up/-/read-pkg-up-1.0.1.tgz"
    },
    "redux": {
      "version": "3.7.2",
      "from": "redux@>=3.5.2 <4.0.0",
      "resolved": "https://registry.npmjs.org/redux/-/redux-3.7.2.tgz"
    },
    "redux-thunk": {
      "version": "2.2.0",
      "from": "redux-thunk@>=2.1.0 <3.0.0",
      "resolved": "https://registry.npmjs.org/redux-thunk/-/redux-thunk-2.2.0.tgz"
    },
    "regenerator-runtime": {
      "version": "0.11.0",
      "from": "regenerator-runtime@>=0.11.0 <0.12.0",
      "resolved": "https://registry.npmjs.org/regenerator-runtime/-/regenerator-runtime-0.11.0.tgz"
    },
    "remarkable": {
      "version": "1.7.1",
      "from": "remarkable@>=1.6.2 <2.0.0",
      "resolved": "https://registry.npmjs.org/remarkable/-/remarkable-1.7.1.tgz"
    },
    "require-directory": {
      "version": "2.1.1",
      "from": "require-directory@>=2.1.1 <3.0.0",
      "resolved": "https://registry.npmjs.org/require-directory/-/require-directory-2.1.1.tgz"
    },
    "require-main-filename": {
      "version": "1.0.1",
      "from": "require-main-filename@>=1.0.1 <2.0.0",
      "resolved": "https://registry.npmjs.org/require-main-filename/-/require-main-filename-1.0.1.tgz"
    },
    "requirejs": {
      "version": "2.1.22",
      "from": "requirejs@2.1.22",
      "resolved": "https://registry.npmjs.org/requirejs/-/requirejs-2.1.22.tgz"
    },
    "reselect": {
      "version": "2.5.4",
      "from": "reselect@>=2.5.3 <3.0.0",
      "resolved": "https://registry.npmjs.org/reselect/-/reselect-2.5.4.tgz"
    },
    "resolve-pathname": {
      "version": "2.2.0",
      "from": "resolve-pathname@>=2.2.0 <3.0.0",
      "resolved": "https://registry.npmjs.org/resolve-pathname/-/resolve-pathname-2.2.0.tgz"
    },
    "rw": {
      "version": "1.3.3",
      "from": "rw@>=1.0.0 <2.0.0",
      "resolved": "https://registry.npmjs.org/rw/-/rw-1.3.3.tgz"
    },
    "semver": {
      "version": "5.4.1",
      "from": "semver@>=2.0.0 <3.0.0||>=3.0.0 <4.0.0||>=4.0.0 <5.0.0||>=5.0.0 <6.0.0",
      "resolved": "https://registry.npmjs.org/semver/-/semver-5.4.1.tgz"
    },
    "set-blocking": {
      "version": "2.0.0",
      "from": "set-blocking@>=2.0.0 <3.0.0",
      "resolved": "https://registry.npmjs.org/set-blocking/-/set-blocking-2.0.0.tgz"
    },
    "setimmediate": {
      "version": "1.0.5",
      "from": "setimmediate@>=1.0.5 <2.0.0",
      "resolved": "https://registry.npmjs.org/setimmediate/-/setimmediate-1.0.5.tgz"
    },
    "spdx-correct": {
      "version": "1.0.2",
      "from": "spdx-correct@>=1.0.0 <1.1.0",
      "resolved": "https://registry.npmjs.org/spdx-correct/-/spdx-correct-1.0.2.tgz"
    },
    "spdx-expression-parse": {
      "version": "1.0.4",
      "from": "spdx-expression-parse@>=1.0.0 <1.1.0",
      "resolved": "https://registry.npmjs.org/spdx-expression-parse/-/spdx-expression-parse-1.0.4.tgz"
    },
    "spdx-license-ids": {
      "version": "1.2.2",
      "from": "spdx-license-ids@>=1.0.2 <2.0.0",
      "resolved": "https://registry.npmjs.org/spdx-license-ids/-/spdx-license-ids-1.2.2.tgz"
    },
    "string-width": {
      "version": "1.0.2",
      "from": "string-width@>=1.0.2 <2.0.0",
      "resolved": "https://registry.npmjs.org/string-width/-/string-width-1.0.2.tgz"
    },
    "strip-ansi": {
      "version": "3.0.1",
      "from": "strip-ansi@>=3.0.1 <4.0.0",
      "resolved": "https://registry.npmjs.org/strip-ansi/-/strip-ansi-3.0.1.tgz"
    },
    "strip-bom": {
      "version": "2.0.0",
      "from": "strip-bom@>=2.0.0 <3.0.0",
      "resolved": "https://registry.npmjs.org/strip-bom/-/strip-bom-2.0.0.tgz"
    },
    "svg4everybody": {
      "version": "2.1.9",
      "from": "svg4everybody@>=2.1.2 <3.0.0",
      "resolved": "https://registry.npmjs.org/svg4everybody/-/svg4everybody-2.1.9.tgz"
    },
    "symbol-observable": {
      "version": "1.0.4",
      "from": "symbol-observable@>=1.0.3 <2.0.0",
      "resolved": "https://registry.npmjs.org/symbol-observable/-/symbol-observable-1.0.4.tgz"
    },
    "tether": {
      "version": "1.4.0",
      "from": "tether@>=1.3.2 <2.0.0",
      "resolved": "https://registry.npmjs.org/tether/-/tether-1.4.0.tgz"
    },
    "ticky": {
      "version": "1.0.1",
      "from": "ticky@1.0.1",
      "resolved": "https://registry.npmjs.org/ticky/-/ticky-1.0.1.tgz"
    },
    "tinycolor2": {
      "version": "1.4.1",
      "from": "tinycolor2@>=1.4.1 <2.0.0",
      "resolved": "https://registry.npmjs.org/tinycolor2/-/tinycolor2-1.4.1.tgz"
    },
    "ua-parser-js": {
      "version": "0.7.14",
      "from": "ua-parser-js@>=0.7.9 <0.8.0",
      "resolved": "https://registry.npmjs.org/ua-parser-js/-/ua-parser-js-0.7.14.tgz"
    },
    "uncontrollable": {
      "version": "4.1.0",
      "from": "uncontrollable@>=4.1.0 <5.0.0",
      "resolved": "https://registry.npmjs.org/uncontrollable/-/uncontrollable-4.1.0.tgz"
    },
    "underscore": {
      "version": "1.7.0",
      "from": "underscore@>=1.7.0 <1.8.0",
      "resolved": "https://registry.npmjs.org/underscore/-/underscore-1.7.0.tgz"
    },
    "underscore.string": {
      "version": "2.4.0",
      "from": "underscore.string@>=2.4.0 <2.5.0",
      "resolved": "https://registry.npmjs.org/underscore.string/-/underscore.string-2.4.0.tgz"
    },
    "uuid": {
      "version": "3.1.0",
      "from": "uuid@>=3.0.1 <4.0.0",
      "resolved": "https://registry.npmjs.org/uuid/-/uuid-3.1.0.tgz"
    },
    "validate-npm-package-license": {
      "version": "3.0.1",
      "from": "validate-npm-package-license@>=3.0.1 <4.0.0",
      "resolved": "https://registry.npmjs.org/validate-npm-package-license/-/validate-npm-package-license-3.0.1.tgz"
    },
    "value-equal": {
      "version": "0.4.0",
      "from": "value-equal@>=0.4.0 <0.5.0",
      "resolved": "https://registry.npmjs.org/value-equal/-/value-equal-0.4.0.tgz"
    },
    "warning": {
      "version": "3.0.0",
      "from": "warning@>=3.0.0 <4.0.0",
      "resolved": "https://registry.npmjs.org/warning/-/warning-3.0.0.tgz"
    },
    "whatwg-fetch": {
      "version": "2.0.3",
      "from": "whatwg-fetch@>=2.0.1 <3.0.0",
      "resolved": "https://registry.npmjs.org/whatwg-fetch/-/whatwg-fetch-2.0.3.tgz"
    },
    "which-module": {
      "version": "1.0.0",
      "from": "which-module@>=1.0.0 <2.0.0",
      "resolved": "https://registry.npmjs.org/which-module/-/which-module-1.0.0.tgz"
    },
    "wrap-ansi": {
      "version": "2.1.0",
      "from": "wrap-ansi@>=2.0.0 <3.0.0",
      "resolved": "https://registry.npmjs.org/wrap-ansi/-/wrap-ansi-2.1.0.tgz"
    },
    "xmlhttprequest": {
      "version": "1.8.0",
      "from": "xmlhttprequest@>=1.0.0 <2.0.0",
      "resolved": "https://registry.npmjs.org/xmlhttprequest/-/xmlhttprequest-1.8.0.tgz"
    },
    "y18n": {
      "version": "3.2.1",
      "from": "y18n@>=3.2.1 <4.0.0",
      "resolved": "https://registry.npmjs.org/y18n/-/y18n-3.2.1.tgz"
    },
    "yargs": {
      "version": "7.0.2",
      "from": "yargs@7.0.2",
      "resolved": "https://registry.npmjs.org/yargs/-/yargs-7.0.2.tgz"
    },
    "yargs-parser": {
      "version": "5.0.0",
      "from": "yargs-parser@>=5.0.0 <6.0.0",
      "resolved": "https://registry.npmjs.org/yargs-parser/-/yargs-parser-5.0.0.tgz"
    }
  }
}
